
Microsoft Visual Studio Solution File, Format Version 12.00
# Visual Studio Version 16
VisualStudioVersion = 16.0.29409.12
MinimumVisualStudioVersion = 10.0.40219.1
Project("{FAE04EC0-301F-11D3-BF4B-00C04F79EFBC}") = "ScreenTranslator_MainApp", "ScreenTranslator_MainApp.csproj", "{45A48E32-FD18-4722-96EF-4B70131F2D9D}"
EndProject
Global
	GlobalSection(SolutionConfigurationPlatforms) = preSolution
		Debug|Any CPU = Debug|Any CPU
		Release|Any CPU = Release|Any CPU
	EndGlobalSection
	GlobalSection(ProjectConfigurationPlatforms) = postSolution
		{45A48E32-FD18-4722-96EF-4B70131F2D9D}.Debug|Any CPU.ActiveCfg = Debug|Any CPU
		{45A48E32-FD18-4722-96EF-4B70131F2D9D}.Debug|Any CPU.Build.0 = Debug|Any CPU
		{45A48E32-FD18-4722-96EF-4B70131F2D9D}.Release|Any CPU.ActiveCfg = Release|Any CPU
		{45A48E32-FD18-4722-96EF-4B70131F2D9D}.Release|Any CPU.Build.0 = Release|Any CPU
	EndGlobalSection
	GlobalSection(SolutionProperties) = preSolution
		HideSolutionNode = FALSE
	EndGlobalSection
	GlobalSection(ExtensibilityGlobals) = postSolution
		SolutionGuid = {BE72B675-D26D-4256-A4B1-6FA57C5D88A3}
	EndGlobalSection
EndGlobal
